
Microsoft Visual Studio Solution File, Format Version 12.00
# Visual Studio Version 16
VisualStudioVersion = 16.0.31613.86
MinimumVisualStudioVersion = 10.0.40219.1
Project("{FAE04EC0-301F-11D3-BF4B-00C04F79EFBC}") = "ISISGetEmployee", "ISISGetEmployee.csproj", "{3F459E6E-5140-4B75-A58E-EBA499A06E9E}"
EndProject
Global
	GlobalSection(SolutionConfigurationPlatforms) = preSolution
		Debug|Any CPU = Debug|Any CPU
		Release|Any CPU = Release|Any CPU
	EndGlobalSection
	GlobalSection(ProjectConfigurationPlatforms) = postSolution
		{3F459E6E-5140-4B75-A58E-EBA499A06E9E}.Debug|Any CPU.ActiveCfg = Debug|Any CPU
		{3F459E6E-5140-4B75-A58E-EBA499A06E9E}.Debug|Any CPU.Build.0 = Debug|Any CPU
		{3F459E6E-5140-4B75-A58E-EBA499A06E9E}.Release|Any CPU.ActiveCfg = Release|Any CPU
		{3F459E6E-5140-4B75-A58E-EBA499A06E9E}.Release|Any CPU.Build.0 = Release|Any CPU
	EndGlobalSection
	GlobalSection(SolutionProperties) = preSolution
		HideSolutionNode = FALSE
	EndGlobalSection
	GlobalSection(ExtensibilityGlobals) = postSolution
		SolutionGuid = {4C96DDCD-4A9A-4591-AF09-23305D4F4735}
	EndGlobalSection
EndGlobal
